
Microsoft Visual Studio Solution File, Format Version 12.00
# Visual Studio Version 16
VisualStudioVersion = 16.0.31605.320
MinimumVisualStudioVersion = 10.0.40219.1
Project("{FAE04EC0-301F-11D3-BF4B-00C04F79EFBC}") = "A2_2_Linq2", "A2_2_Linq2.csproj", "{248CAE44-AFFF-48A3-9BE0-F7DEF946AE46}"
EndProject
Global
	GlobalSection(SolutionConfigurationPlatforms) = preSolution
		Debug|Any CPU = Debug|Any CPU
		Release|Any CPU = Release|Any CPU
	EndGlobalSection
	GlobalSection(ProjectConfigurationPlatforms) = postSolution
		{248CAE44-AFFF-48A3-9BE0-F7DEF946AE46}.Debug|Any CPU.ActiveCfg = Debug|Any CPU
		{248CAE44-AFFF-48A3-9BE0-F7DEF946AE46}.Debug|Any CPU.Build.0 = Debug|Any CPU
		{248CAE44-AFFF-48A3-9BE0-F7DEF946AE46}.Release|Any CPU.ActiveCfg = Release|Any CPU
		{248CAE44-AFFF-48A3-9BE0-F7DEF946AE46}.Release|Any CPU.Build.0 = Release|Any CPU
	EndGlobalSection
	GlobalSection(SolutionProperties) = preSolution
		HideSolutionNode = FALSE
	EndGlobalSection
	GlobalSection(ExtensibilityGlobals) = postSolution
		SolutionGuid = {359B38E0-7FA1-45AF-A17B-2FEB1C9495F5}
	EndGlobalSection
EndGlobal
